
Microsoft Visual Studio Solution File, Format Version 12.00
# Visual Studio Version 16
VisualStudioVersion = 16.0.31313.79
MinimumVisualStudioVersion = 10.0.40219.1
Project("{FAE04EC0-301F-11D3-BF4B-00C04F79EFBC}") = "ParametersDemo", "ParametersDemo\ParametersDemo.csproj", "{2087C554-04E9-45C5-B773-B26B7B182945}"
EndProject
Global
	GlobalSection(SolutionConfigurationPlatforms) = preSolution
		Debug|Any CPU = Debug|Any CPU
		Release|Any CPU = Release|Any CPU
	EndGlobalSection
	GlobalSection(ProjectConfigurationPlatforms) = postSolution
		{2087C554-04E9-45C5-B773-B26B7B182945}.Debug|Any CPU.ActiveCfg = Debug|Any CPU
		{2087C554-04E9-45C5-B773-B26B7B182945}.Debug|Any CPU.Build.0 = Debug|Any CPU
		{2087C554-04E9-45C5-B773-B26B7B182945}.Release|Any CPU.ActiveCfg = Release|Any CPU
		{2087C554-04E9-45C5-B773-B26B7B182945}.Release|Any CPU.Build.0 = Release|Any CPU
	EndGlobalSection
	GlobalSection(SolutionProperties) = preSolution
		HideSolutionNode = FALSE
	EndGlobalSection
	GlobalSection(ExtensibilityGlobals) = postSolution
		SolutionGuid = {14D521AE-BFD3-47CC-9D04-F855BF42DB4E}
	EndGlobalSection
EndGlobal
